
Microsoft Visual Studio Solution File, Format Version 12.00
# Visual Studio Version 16
VisualStudioVersion = 16.0.30804.86
MinimumVisualStudioVersion = 10.0.40219.1
Project("{888888A0-9F3D-457C-B088-3A5042F75D52}") = "SomeOpenCV", "SomeOpenCV.pyproj", "{9270C5DD-1645-46F5-8BF5-EC8F36020B6C}"
EndProject
Global
	GlobalSection(SolutionConfigurationPlatforms) = preSolution
		Debug|Any CPU = Debug|Any CPU
		Release|Any CPU = Release|Any CPU
	EndGlobalSection
	GlobalSection(ProjectConfigurationPlatforms) = postSolution
		{9270C5DD-1645-46F5-8BF5-EC8F36020B6C}.Debug|Any CPU.ActiveCfg = Debug|Any CPU
		{9270C5DD-1645-46F5-8BF5-EC8F36020B6C}.Release|Any CPU.ActiveCfg = Release|Any CPU
	EndGlobalSection
	GlobalSection(SolutionProperties) = preSolution
		HideSolutionNode = FALSE
	EndGlobalSection
	GlobalSection(ExtensibilityGlobals) = postSolution
		SolutionGuid = {1E144D68-245B-4217-8603-EBAA5D1BDBDD}
	EndGlobalSection
EndGlobal
